
Microsoft Visual Studio Solution File, Format Version 12.00
# Visual Studio Version 17
VisualStudioVersion = 17.2.32505.173
MinimumVisualStudioVersion = 10.0.40219.1
Project("{FAE04EC0-301F-11D3-BF4B-00C04F79EFBC}") = "Lab1Ex1", "Lab1Ex1\Lab1Ex1.csproj", "{BA926523-1F29-4FB1-AEBE-2E4184244B0A}"
EndProject
Project("{FAE04EC0-301F-11D3-BF4B-00C04F79EFBC}") = "Lab1Ex2", "Lab1Ex2\Lab1Ex2.csproj", "{5FA8C5D5-428D-4153-8BE9-C2BF6C387617}"
EndProject
Project("{FAE04EC0-301F-11D3-BF4B-00C04F79EFBC}") = "Lab1Ex3", "Lab1Ex3\Lab1Ex3.csproj", "{659C5CC7-F62E-42DB-94CC-E24B91D214F7}"
EndProject
Project("{FAE04EC0-301F-11D3-BF4B-00C04F79EFBC}") = "Lab1Ex4.MdiApplication", "Lab1Ex4MdiApplication\Lab1Ex4.MdiApplication.csproj", "{4C99D546-2DDE-4758-9A7E-C0819D24C02A}"
EndProject
Project("{FAE04EC0-301F-11D3-BF4B-00C04F79EFBC}") = "Lab1Ex5.2", "Lab1Ex5.2\Lab1Ex5.2.csproj", "{42D06DA6-841B-4917-9177-DB4648E089E4}"
EndProject
Project("{FAE04EC0-301F-11D3-BF4B-00C04F79EFBC}") = "Lab2Ex1.WinQuestion", "Lab2Ex1WinQuestion\Lab2Ex1.WinQuestion.csproj", "{0E628937-2A32-4E2E-AC75-EC52139301E5}"
EndProject
Project("{FAE04EC0-301F-11D3-BF4B-00C04F79EFBC}") = "Lab2Ex2.TestList", "Lab2Ex2TestList\Lab2Ex2.TestList.csproj", "{72973B31-CB0B-4A39-973B-EEDCB40387B4}"
EndProject
Project("{FAE04EC0-301F-11D3-BF4B-00C04F79EFBC}") = "Lab2Ex3", "Lab2Ex3\Lab2Ex3.csproj", "{687FA831-7965-4B9B-99E9-068A27B723C4}"
EndProject
Project("{FAE04EC0-301F-11D3-BF4B-00C04F79EFBC}") = "Lab2Ex4", "Lab2Ex4\Lab2Ex4.csproj", "{18A34A1E-DA7B-4E59-B173-6716517353E1}"
EndProject
Project("{FAE04EC0-301F-11D3-BF4B-00C04F79EFBC}") = "Lab2Ex5.WinContainer", "Lab2Ex5.WinContainer\Lab2Ex5.WinContainer.csproj", "{D8717C39-AE40-4CC5-8F21-52970494E112}"
EndProject
Project("{FAE04EC0-301F-11D3-BF4B-00C04F79EFBC}") = "Lab1Ex5.1", "Lab1Ex5.1\Lab1Ex5.1.csproj", "{419FAA52-7301-44DE-B82B-567D59CE86B9}"
EndProject
Project("{FAE04EC0-301F-11D3-BF4B-00C04F79EFBC}") = "Lab2Ex6.BiblWorm", "Lab2Ex6.BiblWorm\Lab2Ex6.BiblWorm.csproj", "{EC95323D-CD4C-4910-B076-9CC58F9E772E}"
EndProject
Project("{FAE04EC0-301F-11D3-BF4B-00C04F79EFBC}") = "Lab2Ex7.RegistrationForm", "Lab2Ex7.RegistrationForm\Lab2Ex7.RegistrationForm.csproj", "{EA2D39F6-5EBE-45FF-8A4E-755B71A43F06}"
EndProject
Project("{FAE04EC0-301F-11D3-BF4B-00C04F79EFBC}") = "Lab3Ex1WinTimer1", "Lab3Ex1WinTimer1\Lab3Ex1WinTimer1.csproj", "{0203C5FA-3689-4CE0-B612-7FB6DA957F85}"
EndProject
Project("{FAE04EC0-301F-11D3-BF4B-00C04F79EFBC}") = "Lab2Ex8", "Lab2Ex8\Lab2Ex8.csproj", "{A9D1DBC1-5676-431E-8B0F-07BED07C326D}"
EndProject
Project("{FAE04EC0-301F-11D3-BF4B-00C04F79EFBC}") = "Lab3Ex2WinTimer2", "Lab3Ex2WinTimer2\Lab3Ex2WinTimer2.csproj", "{21414A39-A5A2-44FA-A108-9C03A2D3F458}"
EndProject
Project("{FAE04EC0-301F-11D3-BF4B-00C04F79EFBC}") = "Lab5Ex1", "Lab5Ex1\Lab5Ex1.csproj", "{DD14FBF3-A815-489E-AB39-127D4E2E9AB4}"
EndProject
Project("{FAE04EC0-301F-11D3-BF4B-00C04F79EFBC}") = "Lab5Ex3WinAnim", "Lab5Ex3WinAnim\Lab5Ex3WinAnim.csproj", "{B28307A9-E429-45C4-BBD2-E6F950FB4405}"
EndProject
Project("{FAE04EC0-301F-11D3-BF4B-00C04F79EFBC}") = "Lab7Ex1.WinBackgroundWorker", "Lab7Ex1.WinBackgroundWorker\Lab7Ex1.WinBackgroundWorker.csproj", "{00C4F906-A03C-46FA-82A2-786D27C464F8}"
EndProject
Project("{FAE04EC0-301F-11D3-BF4B-00C04F79EFBC}") = "Lab3Ex1WinTimer1(Library)", "Lab3Ex1WinTimer1(Library)\Lab3Ex1WinTimer1(Library).csproj", "{99FC503B-4C8B-4253-94FC-886B3AAA1BA6}"
EndProject
Global
	GlobalSection(SolutionConfigurationPlatforms) = preSolution
		Debug|Any CPU = Debug|Any CPU
		Release|Any CPU = Release|Any CPU
	EndGlobalSection
	GlobalSection(ProjectConfigurationPlatforms) = postSolution
		{BA926523-1F29-4FB1-AEBE-2E4184244B0A}.Debug|Any CPU.ActiveCfg = Debug|Any CPU
		{BA926523-1F29-4FB1-AEBE-2E4184244B0A}.Debug|Any CPU.Build.0 = Debug|Any CPU
		{BA926523-1F29-4FB1-AEBE-2E4184244B0A}.Release|Any CPU.ActiveCfg = Release|Any CPU
		{BA926523-1F29-4FB1-AEBE-2E4184244B0A}.Release|Any CPU.Build.0 = Release|Any CPU
		{5FA8C5D5-428D-4153-8BE9-C2BF6C387617}.Debug|Any CPU.ActiveCfg = Debug|Any CPU
		{5FA8C5D5-428D-4153-8BE9-C2BF6C387617}.Debug|Any CPU.Build.0 = Debug|Any CPU
		{5FA8C5D5-428D-4153-8BE9-C2BF6C387617}.Release|Any CPU.ActiveCfg = Release|Any CPU
		{5FA8C5D5-428D-4153-8BE9-C2BF6C387617}.Release|Any CPU.Build.0 = Release|Any CPU
		{659C5CC7-F62E-42DB-94CC-E24B91D214F7}.Debug|Any CPU.ActiveCfg = Debug|Any CPU
		{659C5CC7-F62E-42DB-94CC-E24B91D214F7}.Debug|Any CPU.Build.0 = Debug|Any CPU
		{659C5CC7-F62E-42DB-94CC-E24B91D214F7}.Release|Any CPU.ActiveCfg = Release|Any CPU
		{659C5CC7-F62E-42DB-94CC-E24B91D214F7}.Release|Any CPU.Build.0 = Release|Any CPU
		{4C99D546-2DDE-4758-9A7E-C0819D24C02A}.Debug|Any CPU.ActiveCfg = Debug|Any CPU
		{4C99D546-2DDE-4758-9A7E-C0819D24C02A}.Debug|Any CPU.Build.0 = Debug|Any CPU
		{4C99D546-2DDE-4758-9A7E-C0819D24C02A}.Release|Any CPU.ActiveCfg = Release|Any CPU
		{4C99D546-2DDE-4758-9A7E-C0819D24C02A}.Release|Any CPU.Build.0 = Release|Any CPU
		{42D06DA6-841B-4917-9177-DB4648E089E4}.Debug|Any CPU.ActiveCfg = Debug|Any CPU
		{42D06DA6-841B-4917-9177-DB4648E089E4}.Debug|Any CPU.Build.0 = Debug|Any CPU
		{42D06DA6-841B-4917-9177-DB4648E089E4}.Release|Any CPU.ActiveCfg = Release|Any CPU
		{42D06DA6-841B-4917-9177-DB4648E089E4}.Release|Any CPU.Build.0 = Release|Any CPU
		{0E628937-2A32-4E2E-AC75-EC52139301E5}.Debug|Any CPU.ActiveCfg = Debug|Any CPU
		{0E628937-2A32-4E2E-AC75-EC52139301E5}.Debug|Any CPU.Build.0 = Debug|Any CPU
		{0E628937-2A32-4E2E-AC75-EC52139301E5}.Release|Any CPU.ActiveCfg = Release|Any CPU
		{0E628937-2A32-4E2E-AC75-EC52139301E5}.Release|Any CPU.Build.0 = Release|Any CPU
		{72973B31-CB0B-4A39-973B-EEDCB40387B4}.Debug|Any CPU.ActiveCfg = Debug|Any CPU
		{72973B31-CB0B-4A39-973B-EEDCB40387B4}.Debug|Any CPU.Build.0 = Debug|Any CPU
		{72973B31-CB0B-4A39-973B-EEDCB40387B4}.Release|Any CPU.ActiveCfg = Release|Any CPU
		{72973B31-CB0B-4A39-973B-EEDCB40387B4}.Release|Any CPU.Build.0 = Release|Any CPU
		{687FA831-7965-4B9B-99E9-068A27B723C4}.Debug|Any CPU.ActiveCfg = Debug|Any CPU
		{687FA831-7965-4B9B-99E9-068A27B723C4}.Debug|Any CPU.Build.0 = Debug|Any CPU
		{687FA831-7965-4B9B-99E9-068A27B723C4}.Release|Any CPU.ActiveCfg = Release|Any CPU
		{687FA831-7965-4B9B-99E9-068A27B723C4}.Release|Any CPU.Build.0 = Release|Any CPU
		{18A34A1E-DA7B-4E59-B173-6716517353E1}.Debug|Any CPU.ActiveCfg = Debug|Any CPU
		{18A34A1E-DA7B-4E59-B173-6716517353E1}.Debug|Any CPU.Build.0 = Debug|Any CPU
		{18A34A1E-DA7B-4E59-B173-6716517353E1}.Release|Any CPU.ActiveCfg = Release|Any CPU
		{18A34A1E-DA7B-4E59-B173-6716517353E1}.Release|Any CPU.Build.0 = Release|Any CPU
		{D8717C39-AE40-4CC5-8F21-52970494E112}.Debug|Any CPU.ActiveCfg = Debug|Any CPU
		{D8717C39-AE40-4CC5-8F21-52970494E112}.Debug|Any CPU.Build.0 = Debug|Any CPU
		{D8717C39-AE40-4CC5-8F21-52970494E112}.Release|Any CPU.ActiveCfg = Release|Any CPU
		{D8717C39-AE40-4CC5-8F21-52970494E112}.Release|Any CPU.Build.0 = Release|Any CPU
		{419FAA52-7301-44DE-B82B-567D59CE86B9}.Debug|Any CPU.ActiveCfg = Debug|Any CPU
		{419FAA52-7301-44DE-B82B-567D59CE86B9}.Debug|Any CPU.Build.0 = Debug|Any CPU
		{419FAA52-7301-44DE-B82B-567D59CE86B9}.Release|Any CPU.ActiveCfg = Release|Any CPU
		{419FAA52-7301-44DE-B82B-567D59CE86B9}.Release|Any CPU.Build.0 = Release|Any CPU
		{EC95323D-CD4C-4910-B076-9CC58F9E772E}.Debug|Any CPU.ActiveCfg = Debug|Any CPU
		{EC95323D-CD4C-4910-B076-9CC58F9E772E}.Debug|Any CPU.Build.0 = Debug|Any CPU
		{EC95323D-CD4C-4910-B076-9CC58F9E772E}.Release|Any CPU.ActiveCfg = Release|Any CPU
		{EC95323D-CD4C-4910-B076-9CC58F9E772E}.Release|Any CPU.Build.0 = Release|Any CPU
		{EA2D39F6-5EBE-45FF-8A4E-755B71A43F06}.Debug|Any CPU.ActiveCfg = Debug|Any CPU
		{EA2D39F6-5EBE-45FF-8A4E-755B71A43F06}.Debug|Any CPU.Build.0 = Debug|Any CPU
		{EA2D39F6-5EBE-45FF-8A4E-755B71A43F06}.Release|Any CPU.ActiveCfg = Release|Any CPU
		{EA2D39F6-5EBE-45FF-8A4E-755B71A43F06}.Release|Any CPU.Build.0 = Release|Any CPU
		{0203C5FA-3689-4CE0-B612-7FB6DA957F85}.Debug|Any CPU.ActiveCfg = Debug|Any CPU
		{0203C5FA-3689-4CE0-B612-7FB6DA957F85}.Debug|Any CPU.Build.0 = Debug|Any CPU
		{0203C5FA-3689-4CE0-B612-7FB6DA957F85}.Release|Any CPU.ActiveCfg = Release|Any CPU
		{0203C5FA-3689-4CE0-B612-7FB6DA957F85}.Release|Any CPU.Build.0 = Release|Any CPU
		{A9D1DBC1-5676-431E-8B0F-07BED07C326D}.Debug|Any CPU.ActiveCfg = Debug|Any CPU
		{A9D1DBC1-5676-431E-8B0F-07BED07C326D}.Debug|Any CPU.Build.0 = Debug|Any CPU
		{A9D1DBC1-5676-431E-8B0F-07BED07C326D}.Release|Any CPU.ActiveCfg = Release|Any CPU
		{A9D1DBC1-5676-431E-8B0F-07BED07C326D}.Release|Any CPU.Build.0 = Release|Any CPU
		{21414A39-A5A2-44FA-A108-9C03A2D3F458}.Debug|Any CPU.ActiveCfg = Debug|Any CPU
		{21414A39-A5A2-44FA-A108-9C03A2D3F458}.Debug|Any CPU.Build.0 = Debug|Any CPU
		{21414A39-A5A2-44FA-A108-9C03A2D3F458}.Release|Any CPU.ActiveCfg = Release|Any CPU
		{21414A39-A5A2-44FA-A108-9C03A2D3F458}.Release|Any CPU.Build.0 = Release|Any CPU
		{DD14FBF3-A815-489E-AB39-127D4E2E9AB4}.Debug|Any CPU.ActiveCfg = Debug|Any CPU
		{DD14FBF3-A815-489E-AB39-127D4E2E9AB4}.Debug|Any CPU.Build.0 = Debug|Any CPU
		{DD14FBF3-A815-489E-AB39-127D4E2E9AB4}.Release|Any CPU.ActiveCfg = Release|Any CPU
		{DD14FBF3-A815-489E-AB39-127D4E2E9AB4}.Release|Any CPU.Build.0 = Release|Any CPU
		{B28307A9-E429-45C4-BBD2-E6F950FB4405}.Debug|Any CPU.ActiveCfg = Debug|Any CPU
		{B28307A9-E429-45C4-BBD2-E6F950FB4405}.Debug|Any CPU.Build.0 = Debug|Any CPU
		{B28307A9-E429-45C4-BBD2-E6F950FB4405}.Release|Any CPU.ActiveCfg = Release|Any CPU
		{B28307A9-E429-45C4-BBD2-E6F950FB4405}.Release|Any CPU.Build.0 = Release|Any CPU
		{00C4F906-A03C-46FA-82A2-786D27C464F8}.Debug|Any CPU.ActiveCfg = Debug|Any CPU
		{00C4F906-A03C-46FA-82A2-786D27C464F8}.Debug|Any CPU.Build.0 = Debug|Any CPU
		{00C4F906-A03C-46FA-82A2-786D27C464F8}.Release|Any CPU.ActiveCfg = Release|Any CPU
		{00C4F906-A03C-46FA-82A2-786D27C464F8}.Release|Any CPU.Build.0 = Release|Any CPU
		{99FC503B-4C8B-4253-94FC-886B3AAA1BA6}.Debug|Any CPU.ActiveCfg = Debug|Any CPU
		{99FC503B-4C8B-4253-94FC-886B3AAA1BA6}.Debug|Any CPU.Build.0 = Debug|Any CPU
		{99FC503B-4C8B-4253-94FC-886B3AAA1BA6}.Release|Any CPU.ActiveCfg = Release|Any CPU
		{99FC503B-4C8B-4253-94FC-886B3AAA1BA6}.Release|Any CPU.Build.0 = Release|Any CPU
	EndGlobalSection
	GlobalSection(SolutionProperties) = preSolution
		HideSolutionNode = FALSE
	EndGlobalSection
	GlobalSection(ExtensibilityGlobals) = postSolution
		SolutionGuid = {8AC15B18-52AB-495A-BDB8-199670863F99}
	EndGlobalSection
EndGlobal
